
Microsoft Visual Studio Solution File, Format Version 11.00
# Visual Studio 2010
Project("{FAE04EC0-301F-11D3-BF4B-00C04F79EFBC}") = "Trafikverket API", "Trafikverket API\Trafikverket API.csproj", "{A35386C7-1970-4AA6-B58C-EF92B74E8891}"
EndProject
Global
	GlobalSection(SolutionConfigurationPlatforms) = preSolution
		Debug|Any CPU = Debug|Any CPU
		Release|Any CPU = Release|Any CPU
	EndGlobalSection
	GlobalSection(ProjectConfigurationPlatforms) = postSolution
		{A35386C7-1970-4AA6-B58C-EF92B74E8891}.Debug|Any CPU.ActiveCfg = Debug|Any CPU
		{A35386C7-1970-4AA6-B58C-EF92B74E8891}.Debug|Any CPU.Build.0 = Debug|Any CPU
		{A35386C7-1970-4AA6-B58C-EF92B74E8891}.Release|Any CPU.ActiveCfg = Release|Any CPU
		{A35386C7-1970-4AA6-B58C-EF92B74E8891}.Release|Any CPU.Build.0 = Release|Any CPU
	EndGlobalSection
	GlobalSection(SolutionProperties) = preSolution
		HideSolutionNode = FALSE
	EndGlobalSection
EndGlobal
